// !$*UTF8*$!
{
	archiveVersion = 1;
	classes = {
	};
	objectVersion = 48;
	objects = {

/* Begin PBXBuildFile section */
		627765712A6C99C9A2A8A7DB /* libPods-DoubleiTunes.a in Frameworks */ = {isa = PBXBuildFile; fileRef = D7805E14E7321E00B2B1B94C /* libPods-DoubleiTunes.a */; };
		920BB6132011FA8C00B24CE1 /* DTSqlManager.m in Sources */ = {isa = PBXBuildFile; fileRef = 920BB6122011FA8C00B24CE1 /* DTSqlManager.m */; };
		920BB6182011FD8900B24CE1 /* DTCreateAccountViewController.m in Sources */ = {isa = PBXBuildFile; fileRef = 920BB6172011FD8900B24CE1 /* DTCreateAccountViewController.m */; };
		920BB61C2011FDC300B24CE1 /* DTCreateAccountView.m in Sources */ = {isa = PBXBuildFile; fileRef = 920BB61B2011FDC300B24CE1 /* DTCreateAccountView.m */; };
		920BB6202012015200B24CE1 /* DTCreateAccountCell.m in Sources */ = {isa = PBXBuildFile; fileRef = 920BB61F2012015200B24CE1 /* DTCreateAccountCell.m */; };
		926EA4A52014B779008F4554 /* MobileCoreServices.framework in Frameworks */ = {isa = PBXBuildFile; fileRef = 926EA4A42014B779008F4554 /* MobileCoreServices.framework */; };
		926EA4A92014C0F8008F4554 /* UITableViewCell+DTExtension.m in Sources */ = {isa = PBXBuildFile; fileRef = 926EA4A82014C0F8008F4554 /* UITableViewCell+DTExtension.m */; };
		926EA4AD2014E609008F4554 /* DTAccountCell.m in Sources */ = {isa = PBXBuildFile; fileRef = 926EA4AC2014E609008F4554 /* DTAccountCell.m */; };
		926EA4B22015AD5A008F4554 /* DTiTunesViewController.m in Sources */ = {isa = PBXBuildFile; fileRef = 926EA4B12015AD5A008F4554 /* DTiTunesViewController.m */; };
		926EA4B62016180E008F4554 /* NSString+DTExtenison.m in Sources */ = {isa = PBXBuildFile; fileRef = 926EA4B52016180E008F4554 /* NSString+DTExtenison.m */; };
		92745CA5200E4FB3009DDF39 /* AppDelegate.m in Sources */ = {isa = PBXBuildFile; fileRef = 92745CA4200E4FB3009DDF39 /* AppDelegate.m */; };
		92745CAD200E4FB3009DDF39 /* Assets.xcassets in Resources */ = {isa = PBXBuildFile; fileRef = 92745CAC200E4FB3009DDF39 /* Assets.xcassets */; };
		92745CB3200E4FB3009DDF39 /* main.m in Sources */ = {isa = PBXBuildFile; fileRef = 92745CB2200E4FB3009DDF39 /* main.m */; };
		92745CBD200E5032009DDF39 /* Launch Screen.storyboard in Resources */ = {isa = PBXBuildFile; fileRef = 92745CBC200E5032009DDF39 /* Launch Screen.storyboard */; };
		92C8EB782016533D007F2967 /* DTAppsViewController.m in Sources */ = {isa = PBXBuildFile; fileRef = 92C8EB772016533D007F2967 /* DTAppsViewController.m */; };
		92C8EB7C20165372007F2967 /* DTAppsView.m in Sources */ = {isa = PBXBuildFile; fileRef = 92C8EB7B20165372007F2967 /* DTAppsView.m */; };
		92C8EB8020165518007F2967 /* DTAppsStatusModel.m in Sources */ = {isa = PBXBuildFile; fileRef = 92C8EB7F20165518007F2967 /* DTAppsStatusModel.m */; };
		92C8EB842016563A007F2967 /* DTAppsCell.m in Sources */ = {isa = PBXBuildFile; fileRef = 92C8EB832016563A007F2967 /* DTAppsCell.m */; };
		92E79EEC200F9F8B002A2257 /* DTBaseViewController.m in Sources */ = {isa = PBXBuildFile; fileRef = 92E79EEB200F9F8B002A2257 /* DTBaseViewController.m */; };
		92E79EF1200FA10C002A2257 /* DTBaseNavigationController.m in Sources */ = {isa = PBXBuildFile; fileRef = 92E79EF0200FA10C002A2257 /* DTBaseNavigationController.m */; };
		92E79EF6200FA239002A2257 /* DTAccountViewController.m in Sources */ = {isa = PBXBuildFile; fileRef = 92E79EF5200FA239002A2257 /* DTAccountViewController.m */; };
		92E79EFA200FA29F002A2257 /* QMUIConfigurationTemplate.m in Sources */ = {isa = PBXBuildFile; fileRef = 92E79EF9200FA29F002A2257 /* QMUIConfigurationTemplate.m */; };
		92E79EFC200FAA8A002A2257 /* Resources.xcassets in Resources */ = {isa = PBXBuildFile; fileRef = 92E79EFB200FAA8A002A2257 /* Resources.xcassets */; };
		92E79F00200FADF2002A2257 /* DTAccountView.m in Sources */ = {isa = PBXBuildFile; fileRef = 92E79EFF200FADF2002A2257 /* DTAccountView.m */; };
		92E79F05200FAE3E002A2257 /* UITableView+DTExtension.m in Sources */ = {isa = PBXBuildFile; fileRef = 92E79F04200FAE3E002A2257 /* UITableView+DTExtension.m */; };
		92E79F09200FB562002A2257 /* DTAccountModel.m in Sources */ = {isa = PBXBuildFile; fileRef = 92E79F08200FB562002A2257 /* DTAccountModel.m */; };
/* End PBXBuildFile section */

/* Begin PBXFileReference section */
		589DCDB342491BF575B95CB6 /* Pods-DoubleiTunes.release.xcconfig */ = {isa = PBXFileReference; includeInIndex = 1; lastKnownFileType = text.xcconfig; name = "Pods-DoubleiTunes.release.xcconfig"; path = "Pods/Target Support Files/Pods-DoubleiTunes/Pods-DoubleiTunes.release.xcconfig"; sourceTree = "<group>"; };
		920BB5F12011E91A00B24CE1 /* DTOutPut.h */ = {isa = PBXFileReference; lastKnownFileType = sourcecode.c.h; path = DTOutPut.h; sourceTree = "<group>"; };
		920BB6112011FA8C00B24CE1 /* DTSqlManager.h */ = {isa = PBXFileReference; lastKnownFileType = sourcecode.c.h; path = DTSqlManager.h; sourceTree = "<group>"; };
		920BB6122011FA8C00B24CE1 /* DTSqlManager.m */ = {isa = PBXFileReference; lastKnownFileType = sourcecode.c.objc; path = DTSqlManager.m; sourceTree = "<group>"; };
		920BB6162011FD8900B24CE1 /* DTCreateAccountViewController.h */ = {isa = PBXFileReference; lastKnownFileType = sourcecode.c.h; path = DTCreateAccountViewController.h; sourceTree = "<group>"; };
		920BB6172011FD8900B24CE1 /* DTCreateAccountViewController.m */ = {isa = PBXFileReference; lastKnownFileType = sourcecode.c.objc; path = DTCreateAccountViewController.m; sourceTree = "<group>"; };
		920BB61A2011FDC300B24CE1 /* DTCreateAccountView.h */ = {isa = PBXFileReference; lastKnownFileType = sourcecode.c.h; path = DTCreateAccountView.h; sourceTree = "<group>"; };
		920BB61B2011FDC300B24CE1 /* DTCreateAccountView.m */ = {isa = PBXFileReference; lastKnownFileType = sourcecode.c.objc; path = DTCreateAccountView.m; sourceTree = "<group>"; };
		920BB61E2012015200B24CE1 /* DTCreateAccountCell.h */ = {isa = PBXFileReference; lastKnownFileType = sourcecode.c.h; path = DTCreateAccountCell.h; sourceTree = "<group>"; };
		920BB61F2012015200B24CE1 /* DTCreateAccountCell.m */ = {isa = PBXFileReference; lastKnownFileType = sourcecode.c.objc; path = DTCreateAccountCell.m; sourceTree = "<group>"; };
		926EA4A42014B779008F4554 /* MobileCoreServices.framework */ = {isa = PBXFileReference; lastKnownFileType = wrapper.framework; name = MobileCoreServices.framework; path = System/Library/Frameworks/MobileCoreServices.framework; sourceTree = SDKROOT; };
		926EA4A72014C0F8008F4554 /* UITableViewCell+DTExtension.h */ = {isa = PBXFileReference; lastKnownFileType = sourcecode.c.h; path = "UITableViewCell+DTExtension.h"; sourceTree = "<group>"; };
		926EA4A82014C0F8008F4554 /* UITableViewCell+DTExtension.m */ = {isa = PBXFileReference; lastKnownFileType = sourcecode.c.objc; path = "UITableViewCell+DTExtension.m"; sourceTree = "<group>"; };
		926EA4AB2014E609008F4554 /* DTAccountCell.h */ = {isa = PBXFileReference; lastKnownFileType = sourcecode.c.h; path = DTAccountCell.h; sourceTree = "<group>"; };
		926EA4AC2014E609008F4554 /* DTAccountCell.m */ = {isa = PBXFileReference; lastKnownFileType = sourcecode.c.objc; path = DTAccountCell.m; sourceTree = "<group>"; };
		926EA4B02015AD5A008F4554 /* DTiTunesViewController.h */ = {isa = PBXFileReference; lastKnownFileType = sourcecode.c.h; path = DTiTunesViewController.h; sourceTree = "<group>"; };
		926EA4B12015AD5A008F4554 /* DTiTunesViewController.m */ = {isa = PBXFileReference; lastKnownFileType = sourcecode.c.objc; path = DTiTunesViewController.m; sourceTree = "<group>"; };
		926EA4B42016180E008F4554 /* NSString+DTExtenison.h */ = {isa = PBXFileReference; lastKnownFileType = sourcecode.c.h; path = "NSString+DTExtenison.h"; sourceTree = "<group>"; };
		926EA4B52016180E008F4554 /* NSString+DTExtenison.m */ = {isa = PBXFileReference; lastKnownFileType = sourcecode.c.objc; path = "NSString+DTExtenison.m"; sourceTree = "<group>"; };
		92745CA0200E4FB3009DDF39 /* DoubleiTunes.app */ = {isa = PBXFileReference; explicitFileType = wrapper.application; includeInIndex = 0; path = DoubleiTunes.app; sourceTree = BUILT_PRODUCTS_DIR; };
		92745CA3200E4FB3009DDF39 /* AppDelegate.h */ = {isa = PBXFileReference; lastKnownFileType = sourcecode.c.h; path = AppDelegate.h; sourceTree = "<group>"; };
		92745CA4200E4FB3009DDF39 /* AppDelegate.m */ = {isa = PBXFileReference; lastKnownFileType = sourcecode.c.objc; path = AppDelegate.m; sourceTree = "<group>"; };
		92745CAC200E4FB3009DDF39 /* Assets.xcassets */ = {isa = PBXFileReference; lastKnownFileType = folder.assetcatalog; path = Assets.xcassets; sourceTree = "<group>"; };
		92745CB1200E4FB3009DDF39 /* Info.plist */ = {isa = PBXFileReference; lastKnownFileType = text.plist.xml; path = Info.plist; sourceTree = "<group>"; };
		92745CB2200E4FB3009DDF39 /* main.m */ = {isa = PBXFileReference; lastKnownFileType = sourcecode.c.objc; path = main.m; sourceTree = "<group>"; };
		92745CBC200E5032009DDF39 /* Launch Screen.storyboard */ = {isa = PBXFileReference; lastKnownFileType = file.storyboard; path = "Launch Screen.storyboard"; sourceTree = "<group>"; };
		92745CC0200E50C9009DDF39 /* DoubleiTunes-README.md */ = {isa = PBXFileReference; lastKnownFileType = net.daringfireball.markdown; path = "DoubleiTunes-README.md"; sourceTree = "<group>"; };
		92C8EB762016533D007F2967 /* DTAppsViewController.h */ = {isa = PBXFileReference; lastKnownFileType = sourcecode.c.h; path = DTAppsViewController.h; sourceTree = "<group>"; };
		92C8EB772016533D007F2967 /* DTAppsViewController.m */ = {isa = PBXFileReference; lastKnownFileType = sourcecode.c.objc; path = DTAppsViewController.m; sourceTree = "<group>"; };
		92C8EB7A20165372007F2967 /* DTAppsView.h */ = {isa = PBXFileReference; lastKnownFileType = sourcecode.c.h; path = DTAppsView.h; sourceTree = "<group>"; };
		92C8EB7B20165372007F2967 /* DTAppsView.m */ = {isa = PBXFileReference; lastKnownFileType = sourcecode.c.objc; path = DTAppsView.m; sourceTree = "<group>"; };
		92C8EB7E20165518007F2967 /* DTAppsStatusModel.h */ = {isa = PBXFileReference; lastKnownFileType = sourcecode.c.h; path = DTAppsStatusModel.h; sourceTree = "<group>"; };
		92C8EB7F20165518007F2967 /* DTAppsStatusModel.m */ = {isa = PBXFileReference; lastKnownFileType = sourcecode.c.objc; path = DTAppsStatusModel.m; sourceTree = "<group>"; };
		92C8EB822016563A007F2967 /* DTAppsCell.h */ = {isa = PBXFileReference; lastKnownFileType = sourcecode.c.h; path = DTAppsCell.h; sourceTree = "<group>"; };
		92C8EB832016563A007F2967 /* DTAppsCell.m */ = {isa = PBXFileReference; lastKnownFileType = sourcecode.c.objc; path = DTAppsCell.m; sourceTree = "<group>"; };
		92E79EE8200F9D82002A2257 /* DoubleiTunes.pch */ = {isa = PBXFileReference; lastKnownFileType = sourcecode.c.h; path = DoubleiTunes.pch; sourceTree = "<group>"; };
		92E79EEA200F9F8B002A2257 /* DTBaseViewController.h */ = {isa = PBXFileReference; lastKnownFileType = sourcecode.c.h; path = DTBaseViewController.h; sourceTree = "<group>"; };
		92E79EEB200F9F8B002A2257 /* DTBaseViewController.m */ = {isa = PBXFileReference; lastKnownFileType = sourcecode.c.objc; path = DTBaseViewController.m; sourceTree = "<group>"; };
		92E79EED200FA075002A2257 /* DTHeader.h */ = {isa = PBXFileReference; lastKnownFileType = sourcecode.c.h; path = DTHeader.h; sourceTree = "<group>"; };
		92E79EEF200FA10C002A2257 /* DTBaseNavigationController.h */ = {isa = PBXFileReference; lastKnownFileType = sourcecode.c.h; path = DTBaseNavigationController.h; sourceTree = "<group>"; };
		92E79EF0200FA10C002A2257 /* DTBaseNavigationController.m */ = {isa = PBXFileReference; lastKnownFileType = sourcecode.c.objc; path = DTBaseNavigationController.m; sourceTree = "<group>"; };
		92E79EF4200FA239002A2257 /* DTAccountViewController.h */ = {isa = PBXFileReference; lastKnownFileType = sourcecode.c.h; path = DTAccountViewController.h; sourceTree = "<group>"; };
		92E79EF5200FA239002A2257 /* DTAccountViewController.m */ = {isa = PBXFileReference; lastKnownFileType = sourcecode.c.objc; path = DTAccountViewController.m; sourceTree = "<group>"; };
		92E79EF8200FA29F002A2257 /* QMUIConfigurationTemplate.h */ = {isa = PBXFileReference; lastKnownFileType = sourcecode.c.h; path = QMUIConfigurationTemplate.h; sourceTree = "<group>"; };
		92E79EF9200FA29F002A2257 /* QMUIConfigurationTemplate.m */ = {isa = PBXFileReference; lastKnownFileType = sourcecode.c.objc; path = QMUIConfigurationTemplate.m; sourceTree = "<group>"; };
		92E79EFB200FAA8A002A2257 /* Resources.xcassets */ = {isa = PBXFileReference; lastKnownFileType = folder.assetcatalog; path = Resources.xcassets; sourceTree = "<group>"; };
		92E79EFE200FADF2002A2257 /* DTAccountView.h */ = {isa = PBXFileReference; lastKnownFileType = sourcecode.c.h; path = DTAccountView.h; sourceTree = "<group>"; };
		92E79EFF200FADF2002A2257 /* DTAccountView.m */ = {isa = PBXFileReference; lastKnownFileType = sourcecode.c.objc; path = DTAccountView.m; sourceTree = "<group>"; };
		92E79F03200FAE3E002A2257 /* UITableView+DTExtension.h */ = {isa = PBXFileReference; lastKnownFileType = sourcecode.c.h; path = "UITableView+DTExtension.h"; sourceTree = "<group>"; };
		92E79F04200FAE3E002A2257 /* UITableView+DTExtension.m */ = {isa = PBXFileReference; lastKnownFileType = sourcecode.c.objc; path = "UITableView+DTExtension.m"; sourceTree = "<group>"; };
		92E79F07200FB562002A2257 /* DTAccountModel.h */ = {isa = PBXFileReference; lastKnownFileType = sourcecode.c.h; path = DTAccountModel.h; sourceTree = "<group>"; };
		92E79F08200FB562002A2257 /* DTAccountModel.m */ = {isa = PBXFileReference; lastKnownFileType = sourcecode.c.objc; path = DTAccountModel.m; sourceTree = "<group>"; };
		CA8DA69D7AECCB960E9248D1 /* Pods-DoubleiTunes.debug.xcconfig */ = {isa = PBXFileReference; includeInIndex = 1; lastKnownFileType = text.xcconfig; name = "Pods-DoubleiTunes.debug.xcconfig"; path = "Pods/Target Support Files/Pods-DoubleiTunes/Pods-DoubleiTunes.debug.xcconfig"; sourceTree = "<group>"; };
		D7805E14E7321E00B2B1B94C /* libPods-DoubleiTunes.a */ = {isa = PBXFileReference; explicitFileType = archive.ar; includeInIndex = 0; path = "libPods-DoubleiTunes.a"; sourceTree = BUILT_PRODUCTS_DIR; };
/* End PBXFileReference section */

/* Begin PBXFrameworksBuildPhase section */
		92745C9D200E4FB3009DDF39 /* Frameworks */ = {
			isa = PBXFrameworksBuildPhase;
			buildActionMask = 2147483647;
			files = (
				926EA4A52014B779008F4554 /* MobileCoreServices.framework in Frameworks */,
				627765712A6C99C9A2A8A7DB /* libPods-DoubleiTunes.a in Frameworks */,
			);
			runOnlyForDeploymentPostprocessing = 0;
		};
/* End PBXFrameworksBuildPhase section */

/* Begin PBXGroup section */
		920BB6102011FA2700B24CE1 /* Sql */ = {
			isa = PBXGroup;
			children = (
				920BB6112011FA8C00B24CE1 /* DTSqlManager.h */,
				920BB6122011FA8C00B24CE1 /* DTSqlManager.m */,
			);
			path = Sql;
			sourceTree = "<group>";
		};
		920BB6142011FD3D00B24CE1 /* CreateAccount */ = {
			isa = PBXGroup;
			children = (
				920BB6192011FDAD00B24CE1 /* View */,
				920BB6152011FD7700B24CE1 /* Controller */,
			);
			path = CreateAccount;
			sourceTree = "<group>";
		};
		920BB6152011FD7700B24CE1 /* Controller */ = {
			isa = PBXGroup;
			children = (
				920BB6162011FD8900B24CE1 /* DTCreateAccountViewController.h */,
				920BB6172011FD8900B24CE1 /* DTCreateAccountViewController.m */,
			);
			path = Controller;
			sourceTree = "<group>";
		};
		920BB6192011FDAD00B24CE1 /* View */ = {
			isa = PBXGroup;
			children = (
				920BB61D2012014100B24CE1 /* Cell */,
				920BB61A2011FDC300B24CE1 /* DTCreateAccountView.h */,
				920BB61B2011FDC300B24CE1 /* DTCreateAccountView.m */,
			);
			path = View;
			sourceTree = "<group>";
		};
		920BB61D2012014100B24CE1 /* Cell */ = {
			isa = PBXGroup;
			children = (
				920BB61E2012015200B24CE1 /* DTCreateAccountCell.h */,
				920BB61F2012015200B24CE1 /* DTCreateAccountCell.m */,
			);
			path = Cell;
			sourceTree = "<group>";
		};
		926EA4A62014C0DC008F4554 /* UITableViewCell */ = {
			isa = PBXGroup;
			children = (
				926EA4A72014C0F8008F4554 /* UITableViewCell+DTExtension.h */,
				926EA4A82014C0F8008F4554 /* UITableViewCell+DTExtension.m */,
			);
			path = UITableViewCell;
			sourceTree = "<group>";
		};
		926EA4AA2014E5F8008F4554 /* Cell */ = {
			isa = PBXGroup;
			children = (
				926EA4AB2014E609008F4554 /* DTAccountCell.h */,
				926EA4AC2014E609008F4554 /* DTAccountCell.m */,
			);
			path = Cell;
			sourceTree = "<group>";
		};
		926EA4AE2015AD3B008F4554 /* iTunes */ = {
			isa = PBXGroup;
			children = (
				926EA4AF2015AD44008F4554 /* Controller */,
			);
			path = iTunes;
			sourceTree = "<group>";
		};
		926EA4AF2015AD44008F4554 /* Controller */ = {
			isa = PBXGroup;
			children = (
				926EA4B02015AD5A008F4554 /* DTiTunesViewController.h */,
				926EA4B12015AD5A008F4554 /* DTiTunesViewController.m */,
			);
			path = Controller;
			sourceTree = "<group>";
		};
		926EA4B3201617ED008F4554 /* NSString */ = {
			isa = PBXGroup;
			children = (
				926EA4B42016180E008F4554 /* NSString+DTExtenison.h */,
				926EA4B52016180E008F4554 /* NSString+DTExtenison.m */,
			);
			path = NSString;
			sourceTree = "<group>";
		};
		92745C97200E4FB3009DDF39 = {
			isa = PBXGroup;
			children = (
				92745CC0200E50C9009DDF39 /* DoubleiTunes-README.md */,
				92745CA2200E4FB3009DDF39 /* DoubleiTunes */,
				92745CA1200E4FB3009DDF39 /* Products */,
				E6AF78E04A67B98695A5951C /* Pods */,
				A08A2458210D091D13055043 /* Frameworks */,
			);
			sourceTree = "<group>";
		};
		92745CA1200E4FB3009DDF39 /* Products */ = {
			isa = PBXGroup;
			children = (
				92745CA0200E4FB3009DDF39 /* DoubleiTunes.app */,
			);
			name = Products;
			sourceTree = "<group>";
		};
		92745CA2200E4FB3009DDF39 /* DoubleiTunes */ = {
			isa = PBXGroup;
			children = (
				92745CBF200E509F009DDF39 /* Base */,
				92745CBE200E506C009DDF39 /* Function */,
				92745CBA200E4FFC009DDF39 /* Utils */,
				92745CB9200E4FEE009DDF39 /* AppDelegate */,
				92745CAC200E4FB3009DDF39 /* Assets.xcassets */,
			);
			path = DoubleiTunes;
			sourceTree = "<group>";
		};
		92745CB9200E4FEE009DDF39 /* AppDelegate */ = {
			isa = PBXGroup;
			children = (
				92745CA3200E4FB3009DDF39 /* AppDelegate.h */,
				92745CA4200E4FB3009DDF39 /* AppDelegate.m */,
			);
			path = AppDelegate;
			sourceTree = "<group>";
		};
		92745CBA200E4FFC009DDF39 /* Utils */ = {
			isa = PBXGroup;
			children = (
				920BB6102011FA2700B24CE1 /* Sql */,
				92E79F01200FADFA002A2257 /* Category */,
				92E79EF7200FA294002A2257 /* Configuration */,
				92745CBB200E5005009DDF39 /* Public */,
			);
			path = Utils;
			sourceTree = "<group>";
		};
		92745CBB200E5005009DDF39 /* Public */ = {
			isa = PBXGroup;
			children = (
				92745CB1200E4FB3009DDF39 /* Info.plist */,
				92745CB2200E4FB3009DDF39 /* main.m */,
				92745CBC200E5032009DDF39 /* Launch Screen.storyboard */,
				920BB5F12011E91A00B24CE1 /* DTOutPut.h */,
				92E79EED200FA075002A2257 /* DTHeader.h */,
				92E79EE8200F9D82002A2257 /* DoubleiTunes.pch */,
				92E79EFB200FAA8A002A2257 /* Resources.xcassets */,
			);
			path = Public;
			sourceTree = "<group>";
		};
		92745CBE200E506C009DDF39 /* Function */ = {
			isa = PBXGroup;
			children = (
				92C8EB71201652F1007F2967 /* Apps */,
				926EA4AE2015AD3B008F4554 /* iTunes */,
				920BB6142011FD3D00B24CE1 /* CreateAccount */,
				92E79EF2200FA21F002A2257 /* Account */,
			);
			path = Function;
			sourceTree = "<group>";
		};
		92745CBF200E509F009DDF39 /* Base */ = {
			isa = PBXGroup;
			children = (
				92E79EEE200FA0EC002A2257 /* NavigationController */,
				92E79EE9200F9F5E002A2257 /* ViewController */,
			);
			path = Base;
			sourceTree = "<group>";
		};
		92C8EB71201652F1007F2967 /* Apps */ = {
			isa = PBXGroup;
			children = (
				92C8EB7D20165502007F2967 /* Model */,
				92C8EB7920165360007F2967 /* View */,
				92C8EB7220165314007F2967 /* Controller */,
			);
			path = Apps;
			sourceTree = "<group>";
		};
		92C8EB7220165314007F2967 /* Controller */ = {
			isa = PBXGroup;
			children = (
				92C8EB762016533D007F2967 /* DTAppsViewController.h */,
				92C8EB772016533D007F2967 /* DTAppsViewController.m */,
			);
			path = Controller;
			sourceTree = "<group>";
		};
		92C8EB7920165360007F2967 /* View */ = {
			isa = PBXGroup;
			children = (
				92C8EB8120165626007F2967 /* Cell */,
				92C8EB7A20165372007F2967 /* DTAppsView.h */,
				92C8EB7B20165372007F2967 /* DTAppsView.m */,
			);
			path = View;
			sourceTree = "<group>";
		};
		92C8EB7D20165502007F2967 /* Model */ = {
			isa = PBXGroup;
			children = (
				92C8EB7E20165518007F2967 /* DTAppsStatusModel.h */,
				92C8EB7F20165518007F2967 /* DTAppsStatusModel.m */,
			);
			path = Model;
			sourceTree = "<group>";
		};
		92C8EB8120165626007F2967 /* Cell */ = {
			isa = PBXGroup;
			children = (
				92C8EB822016563A007F2967 /* DTAppsCell.h */,
				92C8EB832016563A007F2967 /* DTAppsCell.m */,
			);
			path = Cell;
			sourceTree = "<group>";
		};
		92E79EE9200F9F5E002A2257 /* ViewController */ = {
			isa = PBXGroup;
			children = (
				92E79EEA200F9F8B002A2257 /* DTBaseViewController.h */,
				92E79EEB200F9F8B002A2257 /* DTBaseViewController.m */,
			);
			path = ViewController;
			sourceTree = "<group>";
		};
		92E79EEE200FA0EC002A2257 /* NavigationController */ = {
			isa = PBXGroup;
			children = (
				92E79EEF200FA10C002A2257 /* DTBaseNavigationController.h */,
				92E79EF0200FA10C002A2257 /* DTBaseNavigationController.m */,
			);
			path = NavigationController;
			sourceTree = "<group>";
		};
		92E79EF2200FA21F002A2257 /* Account */ = {
			isa = PBXGroup;
			children = (
				92E79F06200FB551002A2257 /* Model */,
				92E79EFD200FADDD002A2257 /* View */,
				92E79EF3200FA226002A2257 /* Controller */,
			);
			path = Account;
			sourceTree = "<group>";
		};
		92E79EF3200FA226002A2257 /* Controller */ = {
			isa = PBXGroup;
			children = (
				92E79EF4200FA239002A2257 /* DTAccountViewController.h */,
				92E79EF5200FA239002A2257 /* DTAccountViewController.m */,
			);
			path = Controller;
			sourceTree = "<group>";
		};
		92E79EF7200FA294002A2257 /* Configuration */ = {
			isa = PBXGroup;
			children = (
				92E79EF8200FA29F002A2257 /* QMUIConfigurationTemplate.h */,
				92E79EF9200FA29F002A2257 /* QMUIConfigurationTemplate.m */,
			);
			path = Configuration;
			sourceTree = "<group>";
		};
		92E79EFD200FADDD002A2257 /* View */ = {
			isa = PBXGroup;
			children = (
				926EA4AA2014E5F8008F4554 /* Cell */,
				92E79EFE200FADF2002A2257 /* DTAccountView.h */,
				92E79EFF200FADF2002A2257 /* DTAccountView.m */,
			);
			path = View;
			sourceTree = "<group>";
		};
		92E79F01200FADFA002A2257 /* Category */ = {
			isa = PBXGroup;
			children = (
				926EA4B3201617ED008F4554 /* NSString */,
				926EA4A62014C0DC008F4554 /* UITableViewCell */,
				92E79F02200FAE13002A2257 /* UITableView */,
			);
			path = Category;
			sourceTree = "<group>";
		};
		92E79F02200FAE13002A2257 /* UITableView */ = {
			isa = PBXGroup;
			children = (
				92E79F03200FAE3E002A2257 /* UITableView+DTExtension.h */,
				92E79F04200FAE3E002A2257 /* UITableView+DTExtension.m */,
			);
			path = UITableView;
			sourceTree = "<group>";
		};
		92E79F06200FB551002A2257 /* Model */ = {
			isa = PBXGroup;
			children = (
				92E79F07200FB562002A2257 /* DTAccountModel.h */,
				92E79F08200FB562002A2257 /* DTAccountModel.m */,
			);
			path = Model;
			sourceTree = "<group>";
		};
		A08A2458210D091D13055043 /* Frameworks */ = {
			isa = PBXGroup;
			children = (
				926EA4A42014B779008F4554 /* MobileCoreServices.framework */,
				D7805E14E7321E00B2B1B94C /* libPods-DoubleiTunes.a */,
			);
			name = Frameworks;
			sourceTree = "<group>";
		};
		E6AF78E04A67B98695A5951C /* Pods */ = {
			isa = PBXGroup;
			children = (
				CA8DA69D7AECCB960E9248D1 /* Pods-DoubleiTunes.debug.xcconfig */,
				589DCDB342491BF575B95CB6 /* Pods-DoubleiTunes.release.xcconfig */,
			);
			name = Pods;
			sourceTree = "<group>";
		};
/* End PBXGroup section */

/* Begin PBXNativeTarget section */
		92745C9F200E4FB3009DDF39 /* DoubleiTunes */ = {
			isa = PBXNativeTarget;
			buildConfigurationList = 92745CB6200E4FB3009DDF39 /* Build configuration list for PBXNativeTarget "DoubleiTunes" */;
			buildPhases = (
				A3E89B9999ECB79FA8D20F83 /* [CP] Check Pods Manifest.lock */,
				92745C9C200E4FB3009DDF39 /* Sources */,
				92745C9D200E4FB3009DDF39 /* Frameworks */,
				92745C9E200E4FB3009DDF39 /* Resources */,
				1E6F60B97E24B0801AC1B326 /* [CP] Embed Pods Frameworks */,
				0A8D4E94525C7A7C7C7E6DE7 /* [CP] Copy Pods Resources */,
			);
			buildRules = (
			);
			dependencies = (
			);
			name = DoubleiTunes;
			productName = DoubleiTunes;
			productReference = 92745CA0200E4FB3009DDF39 /* DoubleiTunes.app */;
			productType = "com.apple.product-type.application";
		};
/* End PBXNativeTarget section */

/* Begin PBXProject section */
		92745C98200E4FB3009DDF39 /* Project object */ = {
			isa = PBXProject;
			attributes = {
				CLASSPREFIX = DT;
				LastUpgradeCheck = 0920;
				ORGANIZATIONNAME = CoderDwang;
				TargetAttributes = {
					92745C9F200E4FB3009DDF39 = {
						CreatedOnToolsVersion = 9.2;
						ProvisioningStyle = Automatic;
					};
				};
			};
			buildConfigurationList = 92745C9B200E4FB3009DDF39 /* Build configuration list for PBXProject "DoubleiTunes" */;
			compatibilityVersion = "Xcode 8.0";
			developmentRegion = en;
			hasScannedForEncodings = 0;
			knownRegions = (
				en,
				Base,
			);
			mainGroup = 92745C97200E4FB3009DDF39;
			productRefGroup = 92745CA1200E4FB3009DDF39 /* Products */;
			projectDirPath = "";
			projectRoot = "";
			targets = (
				92745C9F200E4FB3009DDF39 /* DoubleiTunes */,
			);
		};
/* End PBXProject section */

/* Begin PBXResourcesBuildPhase section */
		92745C9E200E4FB3009DDF39 /* Resources */ = {
			isa = PBXResourcesBuildPhase;
			buildActionMask = 2147483647;
			files = (
				92E79EFC200FAA8A002A2257 /* Resources.xcassets in Resources */,
				92745CBD200E5032009DDF39 /* Launch Screen.storyboard in Resources */,
				92745CAD200E4FB3009DDF39 /* Assets.xcassets in Resources */,
			);
			runOnlyForDeploymentPostprocessing = 0;
		};
/* End PBXResourcesBuildPhase section */

/* Begin PBXShellScriptBuildPhase section */
		0A8D4E94525C7A7C7C7E6DE7 /* [CP] Copy Pods Resources */ = {
			isa = PBXShellScriptBuildPhase;
			buildActionMask = 2147483647;
			files = (
			);
			inputPaths = (
				"${SRCROOT}/Pods/Target Support Files/Pods-DoubleiTunes/Pods-DoubleiTunes-resources.sh",
				"${PODS_ROOT}/IQKeyboardManager/IQKeyboardManager/Resources/IQKeyboardManager.bundle",
				$PODS_CONFIGURATION_BUILD_DIR/ISMessages/ISMessages.bundle,
				"${PODS_ROOT}/MJRefresh/MJRefresh/MJRefresh.bundle",
				"${PODS_ROOT}/QMUIKit/QMUIKit/QMUIResources/QMUIResources.bundle",
			);
			name = "[CP] Copy Pods Resources";
			outputPaths = (
				"${TARGET_BUILD_DIR}/${UNLOCALIZED_RESOURCES_FOLDER_PATH}",
			);
			runOnlyForDeploymentPostprocessing = 0;
			shellPath = /bin/sh;
			shellScript = "\"${SRCROOT}/Pods/Target Support Files/Pods-DoubleiTunes/Pods-DoubleiTunes-resources.sh\"\n";
			showEnvVarsInLog = 0;
		};
		1E6F60B97E24B0801AC1B326 /* [CP] Embed Pods Frameworks */ = {
			isa = PBXShellScriptBuildPhase;
			buildActionMask = 2147483647;
			files = (
			);
			inputPaths = (
			);
			name = "[CP] Embed Pods Frameworks";
			outputPaths = (
			);
			runOnlyForDeploymentPostprocessing = 0;
			shellPath = /bin/sh;
			shellScript = "\"${SRCROOT}/Pods/Target Support Files/Pods-DoubleiTunes/Pods-DoubleiTunes-frameworks.sh\"\n";
			showEnvVarsInLog = 0;
		};
		A3E89B9999ECB79FA8D20F83 /* [CP] Check Pods Manifest.lock */ = {
			isa = PBXShellScriptBuildPhase;
			buildActionMask = 2147483647;
			files = (
			);
			inputPaths = (
				"${PODS_PODFILE_DIR_PATH}/Podfile.lock",
				"${PODS_ROOT}/Manifest.lock",
			);
			name = "[CP] Check Pods Manifest.lock";
			outputPaths = (
				"$(DERIVED_FILE_DIR)/Pods-DoubleiTunes-checkManifestLockResult.txt",
			);
			runOnlyForDeploymentPostprocessing = 0;
			shellPath = /bin/sh;
			shellScript = "diff \"${PODS_PODFILE_DIR_PATH}/Podfile.lock\" \"${PODS_ROOT}/Manifest.lock\" > /dev/null\nif [ $? != 0 ] ; then\n    # print error to STDERR\n    echo \"error: The sandbox is not in sync with the Podfile.lock. Run 'pod install' or update your CocoaPods installation.\" >&2\n    exit 1\nfi\n# This output is used by Xcode 'outputs' to avoid re-running this script phase.\necho \"SUCCESS\" > \"${SCRIPT_OUTPUT_FILE_0}\"\n";
			showEnvVarsInLog = 0;
		};
/* End PBXShellScriptBuildPhase section */

/* Begin PBXSourcesBuildPhase section */
		92745C9C200E4FB3009DDF39 /* Sources */ = {
			isa = PBXSourcesBuildPhase;
			buildActionMask = 2147483647;
			files = (
				920BB6132011FA8C00B24CE1 /* DTSqlManager.m in Sources */,
				92745CB3200E4FB3009DDF39 /* main.m in Sources */,
				926EA4B22015AD5A008F4554 /* DTiTunesViewController.m in Sources */,
				92E79EEC200F9F8B002A2257 /* DTBaseViewController.m in Sources */,
				92E79F00200FADF2002A2257 /* DTAccountView.m in Sources */,
				920BB61C2011FDC300B24CE1 /* DTCreateAccountView.m in Sources */,
				92E79F09200FB562002A2257 /* DTAccountModel.m in Sources */,
				92C8EB842016563A007F2967 /* DTAppsCell.m in Sources */,
				92E79EFA200FA29F002A2257 /* QMUIConfigurationTemplate.m in Sources */,
				92C8EB7C20165372007F2967 /* DTAppsView.m in Sources */,
				92E79EF1200FA10C002A2257 /* DTBaseNavigationController.m in Sources */,
				920BB6202012015200B24CE1 /* DTCreateAccountCell.m in Sources */,
				92E79F05200FAE3E002A2257 /* UITableView+DTExtension.m in Sources */,
				92745CA5200E4FB3009DDF39 /* AppDelegate.m in Sources */,
				92C8EB782016533D007F2967 /* DTAppsViewController.m in Sources */,
				926EA4A92014C0F8008F4554 /* UITableViewCell+DTExtension.m in Sources */,
				926EA4AD2014E609008F4554 /* DTAccountCell.m in Sources */,
				92E79EF6200FA239002A2257 /* DTAccountViewController.m in Sources */,
				926EA4B62016180E008F4554 /* NSString+DTExtenison.m in Sources */,
				920BB6182011FD8900B24CE1 /* DTCreateAccountViewController.m in Sources */,
				92C8EB8020165518007F2967 /* DTAppsStatusModel.m in Sources */,
			);
			runOnlyForDeploymentPostprocessing = 0;
		};
/* End PBXSourcesBuildPhase section */

/* Begin XCBuildConfiguration section */
		92745CB4200E4FB3009DDF39 /* Debug */ = {
			isa = XCBuildConfiguration;
			buildSettings = {
				ALWAYS_SEARCH_USER_PATHS = NO;
				CLANG_ANALYZER_NONNULL = YES;
				CLANG_ANALYZER_NUMBER_OBJECT_CONVERSION = YES_AGGRESSIVE;
				CLANG_CXX_LANGUAGE_STANDARD = "gnu++14";
				CLANG_CXX_LIBRARY = "libc++";
				CLANG_ENABLE_MODULES = YES;
				CLANG_ENABLE_OBJC_ARC = YES;
				CLANG_WARN_BLOCK_CAPTURE_AUTORELEASING = YES;
				CLANG_WARN_BOOL_CONVERSION = YES;
				CLANG_WARN_COMMA = YES;
				CLANG_WARN_CONSTANT_CONVERSION = YES;
				CLANG_WARN_DIRECT_OBJC_ISA_USAGE = YES_ERROR;
				CLANG_WARN_DOCUMENTATION_COMMENTS = YES;
				CLANG_WARN_EMPTY_BODY = YES;
				CLANG_WARN_ENUM_CONVERSION = YES;
				CLANG_WARN_INFINITE_RECURSION = YES;
				CLANG_WARN_INT_CONVERSION = YES;
				CLANG_WARN_NON_LITERAL_NULL_CONVERSION = YES;
				CLANG_WARN_OBJC_LITERAL_CONVERSION = YES;
				CLANG_WARN_OBJC_ROOT_CLASS = YES_ERROR;
				CLANG_WARN_RANGE_LOOP_ANALYSIS = YES;
				CLANG_WARN_STRICT_PROTOTYPES = YES;
				CLANG_WARN_SUSPICIOUS_MOVE = YES;
				CLANG_WARN_UNGUARDED_AVAILABILITY = YES_AGGRESSIVE;
				CLANG_WARN_UNREACHABLE_CODE = YES;
				CLANG_WARN__DUPLICATE_METHOD_MATCH = YES;
				CODE_SIGN_IDENTITY = "iPhone Developer";
				COPY_PHASE_STRIP = NO;
				DEBUG_INFORMATION_FORMAT = dwarf;
				ENABLE_STRICT_OBJC_MSGSEND = YES;
				ENABLE_TESTABILITY = YES;
				GCC_C_LANGUAGE_STANDARD = gnu11;
				GCC_DYNAMIC_NO_PIC = NO;
				GCC_NO_COMMON_BLOCKS = YES;
				GCC_OPTIMIZATION_LEVEL = 0;
				GCC_PREPROCESSOR_DEFINITIONS = (
					"DEBUG=1",
					"$(inherited)",
				);
				GCC_WARN_64_TO_32_BIT_CONVERSION = YES;
				GCC_WARN_ABOUT_RETURN_TYPE = YES_ERROR;
				GCC_WARN_UNDECLARED_SELECTOR = YES;
				GCC_WARN_UNINITIALIZED_AUTOS = YES_AGGRESSIVE;
				GCC_WARN_UNUSED_FUNCTION = YES;
				GCC_WARN_UNUSED_VARIABLE = YES;
				IPHONEOS_DEPLOYMENT_TARGET = 11.2;
				MTL_ENABLE_DEBUG_INFO = YES;
				ONLY_ACTIVE_ARCH = YES;
				SDKROOT = iphoneos;
			};
			name = Debug;
		};
		92745CB5200E4FB3009DDF39 /* Release */ = {
			isa = XCBuildConfiguration;
			buildSettings = {
				ALWAYS_SEARCH_USER_PATHS = NO;
				CLANG_ANALYZER_NONNULL = YES;
				CLANG_ANALYZER_NUMBER_OBJECT_CONVERSION = YES_AGGRESSIVE;
				CLANG_CXX_LANGUAGE_STANDARD = "gnu++14";
				CLANG_CXX_LIBRARY = "libc++";
				CLANG_ENABLE_MODULES = YES;
				CLANG_ENABLE_OBJC_ARC = YES;
				CLANG_WARN_BLOCK_CAPTURE_AUTORELEASING = YES;
				CLANG_WARN_BOOL_CONVERSION = YES;
				CLANG_WARN_COMMA = YES;
				CLANG_WARN_CONSTANT_CONVERSION = YES;
				CLANG_WARN_DIRECT_OBJC_ISA_USAGE = YES_ERROR;
				CLANG_WARN_DOCUMENTATION_COMMENTS = YES;
				CLANG_WARN_EMPTY_BODY = YES;
				CLANG_WARN_ENUM_CONVERSION = YES;
				CLANG_WARN_INFINITE_RECURSION = YES;
				CLANG_WARN_INT_CONVERSION = YES;
				CLANG_WARN_NON_LITERAL_NULL_CONVERSION = YES;
				CLANG_WARN_OBJC_LITERAL_CONVERSION = YES;
				CLANG_WARN_OBJC_ROOT_CLASS = YES_ERROR;
				CLANG_WARN_RANGE_LOOP_ANALYSIS = YES;
				CLANG_WARN_STRICT_PROTOTYPES = YES;
				CLANG_WARN_SUSPICIOUS_MOVE = YES;
				CLANG_WARN_UNGUARDED_AVAILABILITY = YES_AGGRESSIVE;
				CLANG_WARN_UNREACHABLE_CODE = YES;
				CLANG_WARN__DUPLICATE_METHOD_MATCH = YES;
				CODE_SIGN_IDENTITY = "iPhone Developer";
				COPY_PHASE_STRIP = NO;
				DEBUG_INFORMATION_FORMAT = "dwarf-with-dsym";
				ENABLE_NS_ASSERTIONS = NO;
				ENABLE_STRICT_OBJC_MSGSEND = YES;
				GCC_C_LANGUAGE_STANDARD = gnu11;
				GCC_NO_COMMON_BLOCKS = YES;
				GCC_WARN_64_TO_32_BIT_CONVERSION = YES;
				GCC_WARN_ABOUT_RETURN_TYPE = YES_ERROR;
				GCC_WARN_UNDECLARED_SELECTOR = YES;
				GCC_WARN_UNINITIALIZED_AUTOS = YES_AGGRESSIVE;
				GCC_WARN_UNUSED_FUNCTION = YES;
				GCC_WARN_UNUSED_VARIABLE = YES;
				IPHONEOS_DEPLOYMENT_TARGET = 11.2;
				MTL_ENABLE_DEBUG_INFO = NO;
				SDKROOT = iphoneos;
				VALIDATE_PRODUCT = YES;
			};
			name = Release;
		};
		92745CB7200E4FB3009DDF39 /* Debug */ = {
			isa = XCBuildConfiguration;
			baseConfigurationReference = CA8DA69D7AECCB960E9248D1 /* Pods-DoubleiTunes.debug.xcconfig */;
			buildSettings = {
				ASSETCATALOG_COMPILER_APPICON_NAME = AppIcon;
				CODE_SIGN_STYLE = Automatic;
				DEVELOPMENT_TEAM = 7T8HG7VU35;
				GCC_PREFIX_HEADER = "$(SRCROOT)/DoubleiTunes/Utils/Public/DoubleiTunes.pch";
				INFOPLIST_FILE = "$(SRCROOT)/DoubleiTunes/Utils/Public/Info.plist";
				IPHONEOS_DEPLOYMENT_TARGET = 8.0;
				LD_RUNPATH_SEARCH_PATHS = "$(inherited) @executable_path/Frameworks";
				PRODUCT_BUNDLE_IDENTIFIER = com.wanglz.cn;
				PRODUCT_NAME = "$(TARGET_NAME)";
				TARGETED_DEVICE_FAMILY = "1,2";
			};
			name = Debug;
		};
		92745CB8200E4FB3009DDF39 /* Release */ = {
			isa = XCBuildConfiguration;
			baseConfigurationReference = 589DCDB342491BF575B95CB6 /* Pods-DoubleiTunes.release.xcconfig */;
			buildSettings = {
				ASSETCATALOG_COMPILER_APPICON_NAME = AppIcon;
				CODE_SIGN_STYLE = Automatic;
				DEVELOPMENT_TEAM = 7T8HG7VU35;
				GCC_PREFIX_HEADER = "$(SRCROOT)/DoubleiTunes/Utils/Public/DoubleiTunes.pch";
				INFOPLIST_FILE = "$(SRCROOT)/DoubleiTunes/Utils/Public/Info.plist";
				IPHONEOS_DEPLOYMENT_TARGET = 8.0;
				LD_RUNPATH_SEARCH_PATHS = "$(inherited) @executable_path/Frameworks";
				PRODUCT_BUNDLE_IDENTIFIER = com.wanglz.cn;
				PRODUCT_NAME = "$(TARGET_NAME)";
				TARGETED_DEVICE_FAMILY = "1,2";
			};
			name = Release;
		};
/* End XCBuildConfiguration section */

/* Begin XCConfigurationList section */
		92745C9B200E4FB3009DDF39 /* Build configuration list for PBXProject "DoubleiTunes" */ = {
			isa = XCConfigurationList;
			buildConfigurations = (
				92745CB4200E4FB3009DDF39 /* Debug */,
				92745CB5200E4FB3009DDF39 /* Release */,
			);
			defaultConfigurationIsVisible = 0;
			defaultConfigurationName = Release;
		};
		92745CB6200E4FB3009DDF39 /* Build configuration list for PBXNativeTarget "DoubleiTunes" */ = {
			isa = XCConfigurationList;
			buildConfigurations = (
				92745CB7200E4FB3009DDF39 /* Debug */,
				92745CB8200E4FB3009DDF39 /* Release */,
			);
			defaultConfigurationIsVisible = 0;
			defaultConfigurationName = Release;
		};
/* End XCConfigurationList section */
	};
	rootObject = 92745C98200E4FB3009DDF39 /* Project object */;
}
